// !$*UTF8*$!
{
	archiveVersion = 1;
	classes = {
	};
	objectVersion = 77;
	objects = {

/* Begin PBXBuildFile section */
		8528AC022FACE7D200C7EA29 /* Supabase in Frameworks */ = {isa = PBXBuildFile; productRef = B20000022FA7000100349A01 /* Supabase */; };
/* End PBXBuildFile section */

/* Begin PBXContainerItemProxy section */
		85C1977C2FA5B2970098CFD0 /* PBXContainerItemProxy */ = {
			isa = PBXContainerItemProxy;
			containerPortal = 85C197642FA5B2950098CFD0 /* Project object */;
			proxyType = 1;
			remoteGlobalIDString = 85C1976B2FA5B2950098CFD0;
			remoteInfo = PeraTalk;
		};
		85C197862FA5B2970098CFD0 /* PBXContainerItemProxy */ = {
			isa = PBXContainerItemProxy;
			containerPortal = 85C197642FA5B2950098CFD0 /* Project object */;
			proxyType = 1;
			remoteGlobalIDString = 85C1976B2FA5B2950098CFD0;
			remoteInfo = PeraTalk;
		};
/* End PBXContainerItemProxy section */

/* Begin PBXFileReference section */
		85C1976C2FA5B2950098CFD0 /* PeraTalk.app */ = {isa = PBXFileReference; explicitFileType = wrapper.application; includeInIndex = 0; path = PeraTalk.app; sourceTree = BUILT_PRODUCTS_DIR; };
		85C1977B2FA5B2970098CFD0 /* PeraTalkTests.xctest */ = {isa = PBXFileReference; explicitFileType = wrapper.cfbundle; includeInIndex = 0; path = PeraTalkTests.xctest; sourceTree = BUILT_PRODUCTS_DIR; };
		85C197852FA5B2970098CFD0 /* PeraTalkUITests.xctest */ = {isa = PBXFileReference; explicitFileType = wrapper.cfbundle; includeInIndex = 0; path = PeraTalkUITests.xctest; sourceTree = BUILT_PRODUCTS_DIR; };
		A10000012FA6000100349A01 /* BaseSupabase.xcconfig */ = {isa = PBXFileReference; lastKnownFileType = text.xcconfig; path = BaseSupabase.xcconfig; sourceTree = "<group>"; };
		A10000022FA6000100349A01 /* Secrets.example.xcconfig */ = {isa = PBXFileReference; lastKnownFileType = text.xcconfig; path = Secrets.example.xcconfig; sourceTree = "<group>"; };
/* End PBXFileReference section */

/* Begin PBXFileSystemSynchronizedBuildFileExceptionSet section */
		85FC7A682FA5CF0200349A00 /* Exceptions for "PeraTalk" folder in "PeraTalk" target */ = {
			isa = PBXFileSystemSynchronizedBuildFileExceptionSet;
			membershipExceptions = (
				README.md,
			);
			target = 85C1976B2FA5B2950098CFD0 /* PeraTalk */;
		};
/* End PBXFileSystemSynchronizedBuildFileExceptionSet section */

/* Begin PBXFileSystemSynchronizedGroupBuildPhaseMembershipExceptionSet section */
		85FC7A692FA5CF0200349A00 /* Exceptions for "PeraTalk" folder in "Compile Sources" phase from "PeraTalk" target */ = {
			isa = PBXFileSystemSynchronizedGroupBuildPhaseMembershipExceptionSet;
			buildPhase = 85C197682FA5B2950098CFD0 /* Sources */;
			membershipExceptions = (
				README.md,
			);
		};
/* End PBXFileSystemSynchronizedGroupBuildPhaseMembershipExceptionSet section */

/* Begin PBXFileSystemSynchronizedRootGroup section */
		85C1976E2FA5B2950098CFD0 /* PeraTalk */ = {
			isa = PBXFileSystemSynchronizedRootGroup;
			exceptions = (
				85FC7A682FA5CF0200349A00 /* Exceptions for "PeraTalk" folder in "PeraTalk" target */,
				85FC7A692FA5CF0200349A00 /* Exceptions for "PeraTalk" folder in "Compile Sources" phase from "PeraTalk" target */,
			);
			path = PeraTalk;
			sourceTree = "<group>";
		};
		85C1977E2FA5B2970098CFD0 /* PeraTalkTests */ = {
			isa = PBXFileSystemSynchronizedRootGroup;
			path = PeraTalkTests;
			sourceTree = "<group>";
		};
		85C197882FA5B2970098CFD0 /* PeraTalkUITests */ = {
			isa = PBXFileSystemSynchronizedRootGroup;
			path = PeraTalkUITests;
			sourceTree = "<group>";
		};
/* End PBXFileSystemSynchronizedRootGroup section */

/* Begin PBXFrameworksBuildPhase section */
		85C197692FA5B2950098CFD0 /* Frameworks */ = {
			isa = PBXFrameworksBuildPhase;
			buildActionMask = 2147483647;
			files = (
				8528AC022FACE7D200C7EA29 /* Supabase in Frameworks */,
			);
			runOnlyForDeploymentPostprocessing = 0;
		};
		85C197782FA5B2970098CFD0 /* Frameworks */ = {
			isa = PBXFrameworksBuildPhase;
			buildActionMask = 2147483647;
			files = (
			);
			runOnlyForDeploymentPostprocessing = 0;
		};
		85C197822FA5B2970098CFD0 /* Frameworks */ = {
			isa = PBXFrameworksBuildPhase;
			buildActionMask = 2147483647;
			files = (
			);
			runOnlyForDeploymentPostprocessing = 0;
		};
/* End PBXFrameworksBuildPhase section */

/* Begin PBXGroup section */
		85C197632FA5B2950098CFD0 = {
			isa = PBXGroup;
			children = (
				A10000002FA6000100349A01 /* Config */,
				85C1976E2FA5B2950098CFD0 /* PeraTalk */,
				85C1977E2FA5B2970098CFD0 /* PeraTalkTests */,
				85C197882FA5B2970098CFD0 /* PeraTalkUITests */,
				85C1976D2FA5B2950098CFD0 /* Products */,
			);
			sourceTree = "<group>";
		};
		85C1976D2FA5B2950098CFD0 /* Products */ = {
			isa = PBXGroup;
			children = (
				85C1976C2FA5B2950098CFD0 /* PeraTalk.app */,
				85C1977B2FA5B2970098CFD0 /* PeraTalkTests.xctest */,
				85C197852FA5B2970098CFD0 /* PeraTalkUITests.xctest */,
			);
			name = Products;
			sourceTree = "<group>";
		};
		A10000002FA6000100349A01 /* Config */ = {
			isa = PBXGroup;
			children = (
				A10000012FA6000100349A01 /* BaseSupabase.xcconfig */,
				A10000022FA6000100349A01 /* Secrets.example.xcconfig */,
			);
			path = Config;
			sourceTree = "<group>";
		};
/* End PBXGroup section */

/* Begin PBXNativeTarget section */
		85C1976B2FA5B2950098CFD0 /* PeraTalk */ = {
			isa = PBXNativeTarget;
			buildConfigurationList = 85C1978F2FA5B2970098CFD0 /* Build configuration list for PBXNativeTarget "PeraTalk" */;
			buildPhases = (
				85C197682FA5B2950098CFD0 /* Sources */,
				85C197692FA5B2950098CFD0 /* Frameworks */,
				85C1976A2FA5B2950098CFD0 /* Resources */,
			);
			buildRules = (
			);
			dependencies = (
			);
			fileSystemSynchronizedGroups = (
				85C1976E2FA5B2950098CFD0 /* PeraTalk */,
			);
			name = PeraTalk;
			packageProductDependencies = (
				B20000022FA7000100349A01 /* Supabase */,
			);
			productName = PeraTalk;
			productReference = 85C1976C2FA5B2950098CFD0 /* PeraTalk.app */;
			productType = "com.apple.product-type.application";
		};
		85C1977A2FA5B2970098CFD0 /* PeraTalkTests */ = {
			isa = PBXNativeTarget;
			buildConfigurationList = 85C197922FA5B2970098CFD0 /* Build configuration list for PBXNativeTarget "PeraTalkTests" */;
			buildPhases = (
				85C197772FA5B2970098CFD0 /* Sources */,
				85C197782FA5B2970098CFD0 /* Frameworks */,
				85C197792FA5B2970098CFD0 /* Resources */,
			);
			buildRules = (
			);
			dependencies = (
				85C1977D2FA5B2970098CFD0 /* PBXTargetDependency */,
			);
			fileSystemSynchronizedGroups = (
				85C1977E2FA5B2970098CFD0 /* PeraTalkTests */,
			);
			name = PeraTalkTests;
			packageProductDependencies = (
			);
			productName = PeraTalkTests;
			productReference = 85C1977B2FA5B2970098CFD0 /* PeraTalkTests.xctest */;
			productType = "com.apple.product-type.bundle.unit-test";
		};
		85C197842FA5B2970098CFD0 /* PeraTalkUITests */ = {
			isa = PBXNativeTarget;
			buildConfigurationList = 85C197952FA5B2970098CFD0 /* Build configuration list for PBXNativeTarget "PeraTalkUITests" */;
			buildPhases = (
				85C197812FA5B2970098CFD0 /* Sources */,
				85C197822FA5B2970098CFD0 /* Frameworks */,
				85C197832FA5B2970098CFD0 /* Resources */,
			);
			buildRules = (
			);
			dependencies = (
				85C197872FA5B2970098CFD0 /* PBXTargetDependency */,
			);
			fileSystemSynchronizedGroups = (
				85C197882FA5B2970098CFD0 /* PeraTalkUITests */,
			);
			name = PeraTalkUITests;
			packageProductDependencies = (
			);
			productName = PeraTalkUITests;
			productReference = 85C197852FA5B2970098CFD0 /* PeraTalkUITests.xctest */;
			productType = "com.apple.product-type.bundle.ui-testing";
		};
/* End PBXNativeTarget section */

/* Begin PBXProject section */
		85C197642FA5B2950098CFD0 /* Project object */ = {
			isa = PBXProject;
			attributes = {
				BuildIndependentTargetsInParallel = 1;
				LastSwiftUpdateCheck = 2640;
				LastUpgradeCheck = 2640;
				TargetAttributes = {
					85C1976B2FA5B2950098CFD0 = {
						CreatedOnToolsVersion = 26.4.1;
					};
					85C1977A2FA5B2970098CFD0 = {
						CreatedOnToolsVersion = 26.4.1;
						TestTargetID = 85C1976B2FA5B2950098CFD0;
					};
					85C197842FA5B2970098CFD0 = {
						CreatedOnToolsVersion = 26.4.1;
						TestTargetID = 85C1976B2FA5B2950098CFD0;
					};
				};
			};
			buildConfigurationList = 85C197672FA5B2950098CFD0 /* Build configuration list for PBXProject "PeraTalk" */;
			developmentRegion = en;
			hasScannedForEncodings = 0;
			knownRegions = (
				en,
				Base,
			);
			mainGroup = 85C197632FA5B2950098CFD0;
			minimizedProjectReferenceProxies = 1;
			packageReferences = (
				B20000012FA7000100349A01 /* XCRemoteSwiftPackageReference "supabase-swift" */,
			);
			preferredProjectObjectVersion = 77;
			productRefGroup = 85C1976D2FA5B2950098CFD0 /* Products */;
			projectDirPath = "";
			projectRoot = "";
			targets = (
				85C1976B2FA5B2950098CFD0 /* PeraTalk */,
				85C1977A2FA5B2970098CFD0 /* PeraTalkTests */,
				85C197842FA5B2970098CFD0 /* PeraTalkUITests */,
			);
		};
/* End PBXProject section */

/* Begin PBXResourcesBuildPhase section */
		85C1976A2FA5B2950098CFD0 /* Resources */ = {
			isa = PBXResourcesBuildPhase;
			buildActionMask = 2147483647;
			files = (
			);
			runOnlyForDeploymentPostprocessing = 0;
		};
		85C197792FA5B2970098CFD0 /* Resources */ = {
			isa = PBXResourcesBuildPhase;
			buildActionMask = 2147483647;
			files = (
			);
			runOnlyForDeploymentPostprocessing = 0;
		};
		85C197832FA5B2970098CFD0 /* Resources */ = {
			isa = PBXResourcesBuildPhase;
			buildActionMask = 2147483647;
			files = (
			);
			runOnlyForDeploymentPostprocessing = 0;
		};
/* End PBXResourcesBuildPhase section */

/* Begin PBXSourcesBuildPhase section */
		85C197682FA5B2950098CFD0 /* Sources */ = {
			isa = PBXSourcesBuildPhase;
			buildActionMask = 2147483647;
			files = (
			);
			runOnlyForDeploymentPostprocessing = 0;
		};
		85C197772FA5B2970098CFD0 /* Sources */ = {
			isa = PBXSourcesBuildPhase;
			buildActionMask = 2147483647;
			files = (
			);
			runOnlyForDeploymentPostprocessing = 0;
		};
		85C197812FA5B2970098CFD0 /* Sources */ = {
			isa = PBXSourcesBuildPhase;
			buildActionMask = 2147483647;
			files = (
			);
			runOnlyForDeploymentPostprocessing = 0;
		};
/* End PBXSourcesBuildPhase section */

/* Begin PBXTargetDependency section */
		85C1977D2FA5B2970098CFD0 /* PBXTargetDependency */ = {
			isa = PBXTargetDependency;
			target = 85C1976B2FA5B2950098CFD0 /* PeraTalk */;
			targetProxy = 85C1977C2FA5B2970098CFD0 /* PBXContainerItemProxy */;
		};
		85C197872FA5B2970098CFD0 /* PBXTargetDependency */ = {
			isa = PBXTargetDependency;
			target = 85C1976B2FA5B2950098CFD0 /* PeraTalk */;
			targetProxy = 85C197862FA5B2970098CFD0 /* PBXContainerItemProxy */;
		};
/* End PBXTargetDependency section */

/* Begin XCBuildConfiguration section */
		85C1978D2FA5B2970098CFD0 /* Debug */ = {
			isa = XCBuildConfiguration;
			buildSettings = {
				ALWAYS_SEARCH_USER_PATHS = NO;
				ASSETCATALOG_COMPILER_GENERATE_SWIFT_ASSET_SYMBOL_EXTENSIONS = YES;
				CLANG_ANALYZER_NONNULL = YES;
				CLANG_ANALYZER_NUMBER_OBJECT_CONVERSION = YES_AGGRESSIVE;
				CLANG_CXX_LANGUAGE_STANDARD = "gnu++20";
				CLANG_ENABLE_MODULES = YES;
				CLANG_ENABLE_OBJC_ARC = YES;
				CLANG_ENABLE_OBJC_WEAK = YES;
				CLANG_WARN_BLOCK_CAPTURE_AUTORELEASING = YES;
				CLANG_WARN_BOOL_CONVERSION = YES;
				CLANG_WARN_COMMA = YES;
				CLANG_WARN_CONSTANT_CONVERSION = YES;
				CLANG_WARN_DEPRECATED_OBJC_IMPLEMENTATIONS = YES;
				CLANG_WARN_DIRECT_OBJC_ISA_USAGE = YES_ERROR;
				CLANG_WARN_DOCUMENTATION_COMMENTS = YES;
				CLANG_WARN_EMPTY_BODY = YES;
				CLANG_WARN_ENUM_CONVERSION = YES;
				CLANG_WARN_INFINITE_RECURSION = YES;
				CLANG_WARN_INT_CONVERSION = YES;
				CLANG_WARN_NON_LITERAL_NULL_CONVERSION = YES;
				CLANG_WARN_OBJC_IMPLICIT_RETAIN_SELF = YES;
				CLANG_WARN_OBJC_LITERAL_CONVERSION = YES;
				CLANG_WARN_OBJC_ROOT_CLASS = YES_ERROR;
				CLANG_WARN_QUOTED_INCLUDE_IN_FRAMEWORK_HEADER = YES;
				CLANG_WARN_RANGE_LOOP_ANALYSIS = YES;
				CLANG_WARN_STRICT_PROTOTYPES = YES;
				CLANG_WARN_SUSPICIOUS_MOVE = YES;
				CLANG_WARN_UNGUARDED_AVAILABILITY = YES_AGGRESSIVE;
				CLANG_WARN_UNREACHABLE_CODE = YES;
				CLANG_WARN__DUPLICATE_METHOD_MATCH = YES;
				COPY_PHASE_STRIP = NO;
				DEBUG_INFORMATION_FORMAT = dwarf;
				DEVELOPMENT_TEAM = 8M9PTQG6V7;
				ENABLE_STRICT_OBJC_MSGSEND = YES;
				ENABLE_TESTABILITY = YES;
				ENABLE_USER_SCRIPT_SANDBOXING = YES;
				GCC_C_LANGUAGE_STANDARD = gnu17;
				GCC_DYNAMIC_NO_PIC = NO;
				GCC_NO_COMMON_BLOCKS = YES;
				GCC_OPTIMIZATION_LEVEL = 0;
				GCC_PREPROCESSOR_DEFINITIONS = (
					"DEBUG=1",
					"$(inherited)",
				);
				GCC_WARN_64_TO_32_BIT_CONVERSION = YES;
				GCC_WARN_ABOUT_RETURN_TYPE = YES_ERROR;
				GCC_WARN_UNDECLARED_SELECTOR = YES;
				GCC_WARN_UNINITIALIZED_AUTOS = YES_AGGRESSIVE;
				GCC_WARN_UNUSED_FUNCTION = YES;
				GCC_WARN_UNUSED_VARIABLE = YES;
				IPHONEOS_DEPLOYMENT_TARGET = 26.4;
				LOCALIZATION_PREFERS_STRING_CATALOGS = YES;
				MTL_ENABLE_DEBUG_INFO = INCLUDE_SOURCE;
				MTL_FAST_MATH = YES;
				ONLY_ACTIVE_ARCH = YES;
				SDKROOT = iphoneos;
				SWIFT_ACTIVE_COMPILATION_CONDITIONS = "DEBUG $(inherited)";
				SWIFT_OPTIMIZATION_LEVEL = "-Onone";
			};
			name = Debug;
		};
		85C1978E2FA5B2970098CFD0 /* Release */ = {
			isa = XCBuildConfiguration;
			buildSettings = {
				ALWAYS_SEARCH_USER_PATHS = NO;
				ASSETCATALOG_COMPILER_GENERATE_SWIFT_ASSET_SYMBOL_EXTENSIONS = YES;
				CLANG_ANALYZER_NONNULL = YES;
				CLANG_ANALYZER_NUMBER_OBJECT_CONVERSION = YES_AGGRESSIVE;
				CLANG_CXX_LANGUAGE_STANDARD = "gnu++20";
				CLANG_ENABLE_MODULES = YES;
				CLANG_ENABLE_OBJC_ARC = YES;
				CLANG_ENABLE_OBJC_WEAK = YES;
				CLANG_WARN_BLOCK_CAPTURE_AUTORELEASING = YES;
				CLANG_WARN_BOOL_CONVERSION = YES;
				CLANG_WARN_COMMA = YES;
				CLANG_WARN_CONSTANT_CONVERSION = YES;
				CLANG_WARN_DEPRECATED_OBJC_IMPLEMENTATIONS = YES;
				CLANG_WARN_DIRECT_OBJC_ISA_USAGE = YES_ERROR;
				CLANG_WARN_DOCUMENTATION_COMMENTS = YES;
				CLANG_WARN_EMPTY_BODY = YES;
				CLANG_WARN_ENUM_CONVERSION = YES;
				CLANG_WARN_INFINITE_RECURSION = YES;
				CLANG_WARN_INT_CONVERSION = YES;
				CLANG_WARN_NON_LITERAL_NULL_CONVERSION = YES;
				CLANG_WARN_OBJC_IMPLICIT_RETAIN_SELF = YES;
				CLANG_WARN_OBJC_LITERAL_CONVERSION = YES;
				CLANG_WARN_OBJC_ROOT_CLASS = YES_ERROR;
				CLANG_WARN_QUOTED_INCLUDE_IN_FRAMEWORK_HEADER = YES;
				CLANG_WARN_RANGE_LOOP_ANALYSIS = YES;
				CLANG_WARN_STRICT_PROTOTYPES = YES;
				CLANG_WARN_SUSPICIOUS_MOVE = YES;
				CLANG_WARN_UNGUARDED_AVAILABILITY = YES_AGGRESSIVE;
				CLANG_WARN_UNREACHABLE_CODE = YES;
				CLANG_WARN__DUPLICATE_METHOD_MATCH = YES;
				COPY_PHASE_STRIP = NO;
				DEBUG_INFORMATION_FORMAT = "dwarf-with-dsym";
				DEVELOPMENT_TEAM = 8M9PTQG6V7;
				ENABLE_NS_ASSERTIONS = NO;
				ENABLE_STRICT_OBJC_MSGSEND = YES;
				ENABLE_USER_SCRIPT_SANDBOXING = YES;
				GCC_C_LANGUAGE_STANDARD = gnu17;
				GCC_NO_COMMON_BLOCKS = YES;
				GCC_WARN_64_TO_32_BIT_CONVERSION = YES;
				GCC_WARN_ABOUT_RETURN_TYPE = YES_ERROR;
				GCC_WARN_UNDECLARED_SELECTOR = YES;
				GCC_WARN_UNINITIALIZED_AUTOS = YES_AGGRESSIVE;
				GCC_WARN_UNUSED_FUNCTION = YES;
				GCC_WARN_UNUSED_VARIABLE = YES;
				IPHONEOS_DEPLOYMENT_TARGET = 26.4;
				LOCALIZATION_PREFERS_STRING_CATALOGS = YES;
				MTL_ENABLE_DEBUG_INFO = NO;
				MTL_FAST_MATH = YES;
				SDKROOT = iphoneos;
				SWIFT_COMPILATION_MODE = wholemodule;
				VALIDATE_PRODUCT = YES;
			};
			name = Release;
		};
		85C197902FA5B2970098CFD0 /* Debug */ = {
			isa = XCBuildConfiguration;
			baseConfigurationReference = A10000012FA6000100349A01 /* BaseSupabase.xcconfig */;
			buildSettings = {
				ASSETCATALOG_COMPILER_APPICON_NAME = AppIcon;
				ASSETCATALOG_COMPILER_GLOBAL_ACCENT_COLOR_NAME = AccentColor;
				CODE_SIGN_ENTITLEMENTS = PeraTalk/PeraTalk.entitlements;
				CODE_SIGN_STYLE = Automatic;
				CURRENT_PROJECT_VERSION = 1;
				DEVELOPMENT_TEAM = 8M9PTQG6V7;
				ENABLE_PREVIEWS = YES;
				GENERATE_INFOPLIST_FILE = YES;
				INFOPLIST_FILE = PeraTalk/AppAuthInfo.plist;
				INFOPLIST_KEY_UIApplicationSceneManifest_Generation = YES;
				INFOPLIST_KEY_UIApplicationSupportsIndirectInputEvents = YES;
				INFOPLIST_KEY_UILaunchScreen_Generation = YES;
				INFOPLIST_KEY_UISupportedInterfaceOrientations_iPad = "UIInterfaceOrientationPortrait UIInterfaceOrientationPortraitUpsideDown UIInterfaceOrientationLandscapeLeft UIInterfaceOrientationLandscapeRight";
				INFOPLIST_KEY_UISupportedInterfaceOrientations_iPhone = "UIInterfaceOrientationPortrait UIInterfaceOrientationLandscapeLeft UIInterfaceOrientationLandscapeRight";
				LD_RUNPATH_SEARCH_PATHS = (
					"$(inherited)",
					"@executable_path/Frameworks",
				);
				MARKETING_VERSION = 1.0;
				PRODUCT_BUNDLE_IDENTIFIER = com.tsay.PeraTalk;
				PRODUCT_NAME = "$(TARGET_NAME)";
				STRING_CATALOG_GENERATE_SYMBOLS = YES;
				SWIFT_APPROACHABLE_CONCURRENCY = YES;
				SWIFT_DEFAULT_ACTOR_ISOLATION = MainActor;
				SWIFT_EMIT_LOC_STRINGS = YES;
				SWIFT_UPCOMING_FEATURE_MEMBER_IMPORT_VISIBILITY = YES;
				SWIFT_VERSION = 5.0;
				TARGETED_DEVICE_FAMILY = "1,2";
			};
			name = Debug;
		};
		85C197912FA5B2970098CFD0 /* Release */ = {
			isa = XCBuildConfiguration;
			baseConfigurationReference = A10000012FA6000100349A01 /* BaseSupabase.xcconfig */;
			buildSettings = {
				ASSETCATALOG_COMPILER_APPICON_NAME = AppIcon;
				ASSETCATALOG_COMPILER_GLOBAL_ACCENT_COLOR_NAME = AccentColor;
				CODE_SIGN_ENTITLEMENTS = PeraTalk/PeraTalk.entitlements;
				CODE_SIGN_STYLE = Automatic;
				CURRENT_PROJECT_VERSION = 1;
				DEVELOPMENT_TEAM = 8M9PTQG6V7;
				ENABLE_PREVIEWS = YES;
				GENERATE_INFOPLIST_FILE = YES;
				INFOPLIST_FILE = PeraTalk/AppAuthInfo.plist;
				INFOPLIST_KEY_UIApplicationSceneManifest_Generation = YES;
				INFOPLIST_KEY_UIApplicationSupportsIndirectInputEvents = YES;
				INFOPLIST_KEY_UILaunchScreen_Generation = YES;
				INFOPLIST_KEY_UISupportedInterfaceOrientations_iPad = "UIInterfaceOrientationPortrait UIInterfaceOrientationPortraitUpsideDown UIInterfaceOrientationLandscapeLeft UIInterfaceOrientationLandscapeRight";
				INFOPLIST_KEY_UISupportedInterfaceOrientations_iPhone = "UIInterfaceOrientationPortrait UIInterfaceOrientationLandscapeLeft UIInterfaceOrientationLandscapeRight";
				LD_RUNPATH_SEARCH_PATHS = (
					"$(inherited)",
					"@executable_path/Frameworks",
				);
				MARKETING_VERSION = 1.0;
				PRODUCT_BUNDLE_IDENTIFIER = com.tsay.PeraTalk;
				PRODUCT_NAME = "$(TARGET_NAME)";
				STRING_CATALOG_GENERATE_SYMBOLS = YES;
				SWIFT_APPROACHABLE_CONCURRENCY = YES;
				SWIFT_DEFAULT_ACTOR_ISOLATION = MainActor;
				SWIFT_EMIT_LOC_STRINGS = YES;
				SWIFT_UPCOMING_FEATURE_MEMBER_IMPORT_VISIBILITY = YES;
				SWIFT_VERSION = 5.0;
				TARGETED_DEVICE_FAMILY = "1,2";
			};
			name = Release;
		};
		85C197932FA5B2970098CFD0 /* Debug */ = {
			isa = XCBuildConfiguration;
			buildSettings = {
				BUNDLE_LOADER = "$(TEST_HOST)";
				CODE_SIGN_STYLE = Automatic;
				CURRENT_PROJECT_VERSION = 1;
				DEVELOPMENT_TEAM = 8M9PTQG6V7;
				GENERATE_INFOPLIST_FILE = YES;
				IPHONEOS_DEPLOYMENT_TARGET = 26.4;
				MARKETING_VERSION = 1.0;
				PRODUCT_BUNDLE_IDENTIFIER = com.tsay.PeraTalkTests;
				PRODUCT_NAME = "$(TARGET_NAME)";
				STRING_CATALOG_GENERATE_SYMBOLS = NO;
				SWIFT_APPROACHABLE_CONCURRENCY = YES;
				SWIFT_EMIT_LOC_STRINGS = NO;
				SWIFT_UPCOMING_FEATURE_MEMBER_IMPORT_VISIBILITY = YES;
				SWIFT_VERSION = 5.0;
				TARGETED_DEVICE_FAMILY = "1,2";
				TEST_HOST = "$(BUILT_PRODUCTS_DIR)/PeraTalk.app/$(BUNDLE_EXECUTABLE_FOLDER_PATH)/PeraTalk";
			};
			name = Debug;
		};
		85C197942FA5B2970098CFD0 /* Release */ = {
			isa = XCBuildConfiguration;
			buildSettings = {
				BUNDLE_LOADER = "$(TEST_HOST)";
				CODE_SIGN_STYLE = Automatic;
				CURRENT_PROJECT_VERSION = 1;
				DEVELOPMENT_TEAM = 8M9PTQG6V7;
				GENERATE_INFOPLIST_FILE = YES;
				IPHONEOS_DEPLOYMENT_TARGET = 26.4;
				MARKETING_VERSION = 1.0;
				PRODUCT_BUNDLE_IDENTIFIER = com.tsay.PeraTalkTests;
				PRODUCT_NAME = "$(TARGET_NAME)";
				STRING_CATALOG_GENERATE_SYMBOLS = NO;
				SWIFT_APPROACHABLE_CONCURRENCY = YES;
				SWIFT_EMIT_LOC_STRINGS = NO;
				SWIFT_UPCOMING_FEATURE_MEMBER_IMPORT_VISIBILITY = YES;
				SWIFT_VERSION = 5.0;
				TARGETED_DEVICE_FAMILY = "1,2";
				TEST_HOST = "$(BUILT_PRODUCTS_DIR)/PeraTalk.app/$(BUNDLE_EXECUTABLE_FOLDER_PATH)/PeraTalk";
			};
			name = Release;
		};
		85C197962FA5B2970098CFD0 /* Debug */ = {
			isa = XCBuildConfiguration;
			buildSettings = {
				CODE_SIGN_STYLE = Automatic;
				CURRENT_PROJECT_VERSION = 1;
				DEVELOPMENT_TEAM = 8M9PTQG6V7;
				GENERATE_INFOPLIST_FILE = YES;
				MARKETING_VERSION = 1.0;
				PRODUCT_BUNDLE_IDENTIFIER = com.tsay.PeraTalkUITests;
				PRODUCT_NAME = "$(TARGET_NAME)";
				STRING_CATALOG_GENERATE_SYMBOLS = NO;
				SWIFT_APPROACHABLE_CONCURRENCY = YES;
				SWIFT_EMIT_LOC_STRINGS = NO;
				SWIFT_UPCOMING_FEATURE_MEMBER_IMPORT_VISIBILITY = YES;
				SWIFT_VERSION = 5.0;
				TARGETED_DEVICE_FAMILY = "1,2";
				TEST_TARGET_NAME = PeraTalk;
			};
			name = Debug;
		};
		85C197972FA5B2970098CFD0 /* Release */ = {
			isa = XCBuildConfiguration;
			buildSettings = {
				CODE_SIGN_STYLE = Automatic;
				CURRENT_PROJECT_VERSION = 1;
				DEVELOPMENT_TEAM = 8M9PTQG6V7;
				GENERATE_INFOPLIST_FILE = YES;
				MARKETING_VERSION = 1.0;
				PRODUCT_BUNDLE_IDENTIFIER = com.tsay.PeraTalkUITests;
				PRODUCT_NAME = "$(TARGET_NAME)";
				STRING_CATALOG_GENERATE_SYMBOLS = NO;
				SWIFT_APPROACHABLE_CONCURRENCY = YES;
				SWIFT_EMIT_LOC_STRINGS = NO;
				SWIFT_UPCOMING_FEATURE_MEMBER_IMPORT_VISIBILITY = YES;
				SWIFT_VERSION = 5.0;
				TARGETED_DEVICE_FAMILY = "1,2";
				TEST_TARGET_NAME = PeraTalk;
			};
			name = Release;
		};
/* End XCBuildConfiguration section */

/* Begin XCConfigurationList section */
		85C197672FA5B2950098CFD0 /* Build configuration list for PBXProject "PeraTalk" */ = {
			isa = XCConfigurationList;
			buildConfigurations = (
				85C1978D2FA5B2970098CFD0 /* Debug */,
				85C1978E2FA5B2970098CFD0 /* Release */,
			);
			defaultConfigurationIsVisible = 0;
			defaultConfigurationName = Release;
		};
		85C1978F2FA5B2970098CFD0 /* Build configuration list for PBXNativeTarget "PeraTalk" */ = {
			isa = XCConfigurationList;
			buildConfigurations = (
				85C197902FA5B2970098CFD0 /* Debug */,
				85C197912FA5B2970098CFD0 /* Release */,
			);
			defaultConfigurationIsVisible = 0;
			defaultConfigurationName = Release;
		};
		85C197922FA5B2970098CFD0 /* Build configuration list for PBXNativeTarget "PeraTalkTests" */ = {
			isa = XCConfigurationList;
			buildConfigurations = (
				85C197932FA5B2970098CFD0 /* Debug */,
				85C197942FA5B2970098CFD0 /* Release */,
			);
			defaultConfigurationIsVisible = 0;
			defaultConfigurationName = Release;
		};
		85C197952FA5B2970098CFD0 /* Build configuration list for PBXNativeTarget "PeraTalkUITests" */ = {
			isa = XCConfigurationList;
			buildConfigurations = (
				85C197962FA5B2970098CFD0 /* Debug */,
				85C197972FA5B2970098CFD0 /* Release */,
			);
			defaultConfigurationIsVisible = 0;
			defaultConfigurationName = Release;
		};
/* End XCConfigurationList section */

/* Begin XCRemoteSwiftPackageReference section */
		B20000012FA7000100349A01 /* XCRemoteSwiftPackageReference "supabase-swift" */ = {
			isa = XCRemoteSwiftPackageReference;
			repositoryURL = "https://github.com/supabase/supabase-swift";
			requirement = {
				kind = upToNextMajorVersion;
				minimumVersion = 2.46.0;
			};
		};
/* End XCRemoteSwiftPackageReference section */

/* Begin XCSwiftPackageProductDependency section */
		B20000022FA7000100349A01 /* Supabase */ = {
			isa = XCSwiftPackageProductDependency;
			package = B20000012FA7000100349A01 /* XCRemoteSwiftPackageReference "supabase-swift" */;
			productName = Supabase;
		};
/* End XCSwiftPackageProductDependency section */
	};
	rootObject = 85C197642FA5B2950098CFD0 /* Project object */;
}
